
Microsoft Visual Studio Solution File, Format Version 12.00
# Visual Studio Version 16
VisualStudioVersion = 16.0.30413.136
MinimumVisualStudioVersion = 10.0.40219.1
Project("{2150E333-8FDC-42A3-9474-1A3956D46DE8}") = "src", "src", "{32C2A2B2-FA79-451E-A13C-8FE80BCCCB5C}"
EndProject
Project("{2150E333-8FDC-42A3-9474-1A3956D46DE8}") = "Catalog", "Catalog", "{C5E9AF5C-BF2C-4528-9576-3A71BB3F8EB9}"
EndProject
Project("{9A19103F-16F7-4668-BE54-9A1E7A4F7556}") = "Catalog.API", "src\Catalog\Catalog.API\Catalog.API.csproj", "{5130C928-B372-4B8B-9C5B-E6A00D725291}"
EndProject
Project("{E53339B2-1760-4266-BCC7-CA923CBCF16C}") = "docker-compose", "docker-compose.dcproj", "{1362EE78-B1B7-4DB7-845D-8396807E15F9}"
EndProject
Project("{2150E333-8FDC-42A3-9474-1A3956D46DE8}") = "Basket", "Basket", "{CB3AE16A-7A06-45B4-BB71-744A1823A896}"
EndProject
Project("{9A19103F-16F7-4668-BE54-9A1E7A4F7556}") = "Basket.API", "src\Basket\Basket.API\Basket.API.csproj", "{CA9782CB-8123-4C68-AD5D-8660BBC6D8FF}"
EndProject
Project("{2150E333-8FDC-42A3-9474-1A3956D46DE8}") = "Common", "Common", "{5E05DED5-A2B9-4A03-84B2-3605AC684F38}"
EndProject
Project("{9A19103F-16F7-4668-BE54-9A1E7A4F7556}") = "EventBusRabbitMQ", "src\Common\EventBusRabbitMQ\EventBusRabbitMQ.csproj", "{702AA9EC-26B0-46A8-8656-DA084E858616}"
EndProject
Project("{2150E333-8FDC-42A3-9474-1A3956D46DE8}") = "Ordering", "Ordering", "{47B68CA2-CE7A-4C8E-9EE6-2AD6E2E696A0}"
EndProject
Project("{9A19103F-16F7-4668-BE54-9A1E7A4F7556}") = "Ordering.API", "src\Ordering\Ordering.API\Ordering.API.csproj", "{A2B99EF0-2295-42ED-8B2E-89B0FFFB101A}"
	ProjectSection(ProjectDependencies) = postProject
		{D6069AE8-D58B-406A-A3EB-505C3B528E1E} = {D6069AE8-D58B-406A-A3EB-505C3B528E1E}
	EndProjectSection
EndProject
Project("{9A19103F-16F7-4668-BE54-9A1E7A4F7556}") = "Ordering.Core", "src\Ordering\Ordering.Core\Ordering.Core.csproj", "{D6069AE8-D58B-406A-A3EB-505C3B528E1E}"
EndProject
Project("{9A19103F-16F7-4668-BE54-9A1E7A4F7556}") = "Ordering.Infrastructure", "src\Ordering\Ordering.Infrastructure\Ordering.Infrastructure.csproj", "{D2C7ECEA-CD98-4B6A-AFF4-EF52B1156A9B}"
EndProject
Project("{2150E333-8FDC-42A3-9474-1A3956D46DE8}") = "APIGateway", "APIGateway", "{A557C687-78F0-4CAB-A93F-243F1AF7AFEE}"
EndProject
Project("{9A19103F-16F7-4668-BE54-9A1E7A4F7556}") = "OcelotAPIGateway", "src\APIGateway\OcelotAPIGateway\OcelotAPIGateway.csproj", "{381F7F90-08A1-44F1-A051-B9EDE191DB99}"
EndProject
Project("{2150E333-8FDC-42A3-9474-1A3956D46DE8}") = "Web", "Web", "{AE63E540-1CBB-43B5-A6A8-AE431E270D5B}"
EndProject
Project("{9A19103F-16F7-4668-BE54-9A1E7A4F7556}") = "ShoppingWeb", "src\Web\ShoppingWeb\ShoppingWeb.csproj", "{76ADF451-EA69-4A6A-9A51-AF525930B5CF}"
EndProject
Project("{2150E333-8FDC-42A3-9474-1A3956D46DE8}") = "PromoService", "PromoService", "{43A96601-3A9A-4183-8B04-E1ED00041318}"
EndProject
Project("{9A19103F-16F7-4668-BE54-9A1E7A4F7556}") = "Discount_gRPC", "src\PromoService\Discount_gRPC\Discount_gRPC.csproj", "{F1C16C9C-AEE0-4169-8D0C-A7A06D8AD4E8}"
EndProject
Project("{2150E333-8FDC-42A3-9474-1A3956D46DE8}") = "test_grpc", "test_grpc", "{3C8C4A46-4607-4843-9315-C18F68EA98A6}"
EndProject
Project("{FAE04EC0-301F-11D3-BF4B-00C04F79EFBC}") = "test_client", "src\test_grpc\test_client\test_client.csproj", "{A829C9A6-03A8-4800-AF5A-605E355E3E64}"
EndProject
Global
	GlobalSection(SolutionConfigurationPlatforms) = preSolution
		Debug|Any CPU = Debug|Any CPU
		Release|Any CPU = Release|Any CPU
	EndGlobalSection
	GlobalSection(ProjectConfigurationPlatforms) = postSolution
		{5130C928-B372-4B8B-9C5B-E6A00D725291}.Debug|Any CPU.ActiveCfg = Debug|Any CPU
		{5130C928-B372-4B8B-9C5B-E6A00D725291}.Debug|Any CPU.Build.0 = Debug|Any CPU
		{5130C928-B372-4B8B-9C5B-E6A00D725291}.Release|Any CPU.ActiveCfg = Release|Any CPU
		{5130C928-B372-4B8B-9C5B-E6A00D725291}.Release|Any CPU.Build.0 = Release|Any CPU
		{1362EE78-B1B7-4DB7-845D-8396807E15F9}.Debug|Any CPU.ActiveCfg = Debug|Any CPU
		{1362EE78-B1B7-4DB7-845D-8396807E15F9}.Debug|Any CPU.Build.0 = Debug|Any CPU
		{1362EE78-B1B7-4DB7-845D-8396807E15F9}.Release|Any CPU.ActiveCfg = Release|Any CPU
		{1362EE78-B1B7-4DB7-845D-8396807E15F9}.Release|Any CPU.Build.0 = Release|Any CPU
		{CA9782CB-8123-4C68-AD5D-8660BBC6D8FF}.Debug|Any CPU.ActiveCfg = Debug|Any CPU
		{CA9782CB-8123-4C68-AD5D-8660BBC6D8FF}.Debug|Any CPU.Build.0 = Debug|Any CPU
		{CA9782CB-8123-4C68-AD5D-8660BBC6D8FF}.Release|Any CPU.ActiveCfg = Release|Any CPU
		{CA9782CB-8123-4C68-AD5D-8660BBC6D8FF}.Release|Any CPU.Build.0 = Release|Any CPU
		{702AA9EC-26B0-46A8-8656-DA084E858616}.Debug|Any CPU.ActiveCfg = Debug|Any CPU
		{702AA9EC-26B0-46A8-8656-DA084E858616}.Debug|Any CPU.Build.0 = Debug|Any CPU
		{702AA9EC-26B0-46A8-8656-DA084E858616}.Release|Any CPU.ActiveCfg = Release|Any CPU
		{702AA9EC-26B0-46A8-8656-DA084E858616}.Release|Any CPU.Build.0 = Release|Any CPU
		{A2B99EF0-2295-42ED-8B2E-89B0FFFB101A}.Debug|Any CPU.ActiveCfg = Debug|Any CPU
		{A2B99EF0-2295-42ED-8B2E-89B0FFFB101A}.Debug|Any CPU.Build.0 = Debug|Any CPU
		{A2B99EF0-2295-42ED-8B2E-89B0FFFB101A}.Release|Any CPU.ActiveCfg = Release|Any CPU
		{A2B99EF0-2295-42ED-8B2E-89B0FFFB101A}.Release|Any CPU.Build.0 = Release|Any CPU
		{D6069AE8-D58B-406A-A3EB-505C3B528E1E}.Debug|Any CPU.ActiveCfg = Debug|Any CPU
		{D6069AE8-D58B-406A-A3EB-505C3B528E1E}.Debug|Any CPU.Build.0 = Debug|Any CPU
		{D6069AE8-D58B-406A-A3EB-505C3B528E1E}.Release|Any CPU.ActiveCfg = Release|Any CPU
		{D6069AE8-D58B-406A-A3EB-505C3B528E1E}.Release|Any CPU.Build.0 = Release|Any CPU
		{D2C7ECEA-CD98-4B6A-AFF4-EF52B1156A9B}.Debug|Any CPU.ActiveCfg = Debug|Any CPU
		{D2C7ECEA-CD98-4B6A-AFF4-EF52B1156A9B}.Debug|Any CPU.Build.0 = Debug|Any CPU
		{D2C7ECEA-CD98-4B6A-AFF4-EF52B1156A9B}.Release|Any CPU.ActiveCfg = Release|Any CPU
		{D2C7ECEA-CD98-4B6A-AFF4-EF52B1156A9B}.Release|Any CPU.Build.0 = Release|Any CPU
		{381F7F90-08A1-44F1-A051-B9EDE191DB99}.Debug|Any CPU.ActiveCfg = Debug|Any CPU
		{381F7F90-08A1-44F1-A051-B9EDE191DB99}.Debug|Any CPU.Build.0 = Debug|Any CPU
		{381F7F90-08A1-44F1-A051-B9EDE191DB99}.Release|Any CPU.ActiveCfg = Release|Any CPU
		{381F7F90-08A1-44F1-A051-B9EDE191DB99}.Release|Any CPU.Build.0 = Release|Any CPU
		{76ADF451-EA69-4A6A-9A51-AF525930B5CF}.Debug|Any CPU.ActiveCfg = Debug|Any CPU
		{76ADF451-EA69-4A6A-9A51-AF525930B5CF}.Debug|Any CPU.Build.0 = Debug|Any CPU
		{76ADF451-EA69-4A6A-9A51-AF525930B5CF}.Release|Any CPU.ActiveCfg = Release|Any CPU
		{76ADF451-EA69-4A6A-9A51-AF525930B5CF}.Release|Any CPU.Build.0 = Release|Any CPU
		{F1C16C9C-AEE0-4169-8D0C-A7A06D8AD4E8}.Debug|Any CPU.ActiveCfg = Debug|Any CPU
		{F1C16C9C-AEE0-4169-8D0C-A7A06D8AD4E8}.Debug|Any CPU.Build.0 = Debug|Any CPU
		{F1C16C9C-AEE0-4169-8D0C-A7A06D8AD4E8}.Release|Any CPU.ActiveCfg = Release|Any CPU
		{F1C16C9C-AEE0-4169-8D0C-A7A06D8AD4E8}.Release|Any CPU.Build.0 = Release|Any CPU
		{A829C9A6-03A8-4800-AF5A-605E355E3E64}.Debug|Any CPU.ActiveCfg = Debug|Any CPU
		{A829C9A6-03A8-4800-AF5A-605E355E3E64}.Debug|Any CPU.Build.0 = Debug|Any CPU
		{A829C9A6-03A8-4800-AF5A-605E355E3E64}.Release|Any CPU.ActiveCfg = Release|Any CPU
		{A829C9A6-03A8-4800-AF5A-605E355E3E64}.Release|Any CPU.Build.0 = Release|Any CPU
	EndGlobalSection
	GlobalSection(SolutionProperties) = preSolution
		HideSolutionNode = FALSE
	EndGlobalSection
	GlobalSection(NestedProjects) = preSolution
		{C5E9AF5C-BF2C-4528-9576-3A71BB3F8EB9} = {32C2A2B2-FA79-451E-A13C-8FE80BCCCB5C}
		{5130C928-B372-4B8B-9C5B-E6A00D725291} = {C5E9AF5C-BF2C-4528-9576-3A71BB3F8EB9}
		{CB3AE16A-7A06-45B4-BB71-744A1823A896} = {32C2A2B2-FA79-451E-A13C-8FE80BCCCB5C}
		{CA9782CB-8123-4C68-AD5D-8660BBC6D8FF} = {CB3AE16A-7A06-45B4-BB71-744A1823A896}
		{5E05DED5-A2B9-4A03-84B2-3605AC684F38} = {32C2A2B2-FA79-451E-A13C-8FE80BCCCB5C}
		{702AA9EC-26B0-46A8-8656-DA084E858616} = {5E05DED5-A2B9-4A03-84B2-3605AC684F38}
		{47B68CA2-CE7A-4C8E-9EE6-2AD6E2E696A0} = {32C2A2B2-FA79-451E-A13C-8FE80BCCCB5C}
		{A2B99EF0-2295-42ED-8B2E-89B0FFFB101A} = {47B68CA2-CE7A-4C8E-9EE6-2AD6E2E696A0}
		{D6069AE8-D58B-406A-A3EB-505C3B528E1E} = {47B68CA2-CE7A-4C8E-9EE6-2AD6E2E696A0}
		{D2C7ECEA-CD98-4B6A-AFF4-EF52B1156A9B} = {47B68CA2-CE7A-4C8E-9EE6-2AD6E2E696A0}
		{A557C687-78F0-4CAB-A93F-243F1AF7AFEE} = {32C2A2B2-FA79-451E-A13C-8FE80BCCCB5C}
		{381F7F90-08A1-44F1-A051-B9EDE191DB99} = {A557C687-78F0-4CAB-A93F-243F1AF7AFEE}
		{AE63E540-1CBB-43B5-A6A8-AE431E270D5B} = {32C2A2B2-FA79-451E-A13C-8FE80BCCCB5C}
		{76ADF451-EA69-4A6A-9A51-AF525930B5CF} = {AE63E540-1CBB-43B5-A6A8-AE431E270D5B}
		{43A96601-3A9A-4183-8B04-E1ED00041318} = {32C2A2B2-FA79-451E-A13C-8FE80BCCCB5C}
		{F1C16C9C-AEE0-4169-8D0C-A7A06D8AD4E8} = {43A96601-3A9A-4183-8B04-E1ED00041318}
		{3C8C4A46-4607-4843-9315-C18F68EA98A6} = {32C2A2B2-FA79-451E-A13C-8FE80BCCCB5C}
		{A829C9A6-03A8-4800-AF5A-605E355E3E64} = {3C8C4A46-4607-4843-9315-C18F68EA98A6}
	EndGlobalSection
	GlobalSection(ExtensibilityGlobals) = postSolution
		SolutionGuid = {6161B798-ED0E-4B0D-9F6E-911EBA23E810}
	EndGlobalSection
EndGlobal
